
Microsoft Visual Studio Solution File, Format Version 12.00
# Visual Studio Version 16
VisualStudioVersion = 16.0.30114.105
MinimumVisualStudioVersion = 10.0.40219.1
Project("{9A19103F-16F7-4668-BE54-9A1E7A4F7556}") = "ExtractDx11MESH", "ExtractDx11MESH.csproj", "{9684DB1D-9FA1-44F2-9C72-7C1BFBD032CE}"
EndProject
Global
	GlobalSection(SolutionConfigurationPlatforms) = preSolution
		Debug|Any CPU = Debug|Any CPU
		Release|Any CPU = Release|Any CPU
	EndGlobalSection
	GlobalSection(ProjectConfigurationPlatforms) = postSolution
		{9684DB1D-9FA1-44F2-9C72-7C1BFBD032CE}.Debug|Any CPU.ActiveCfg = Debug|Any CPU
		{9684DB1D-9FA1-44F2-9C72-7C1BFBD032CE}.Debug|Any CPU.Build.0 = Debug|Any CPU
		{9684DB1D-9FA1-44F2-9C72-7C1BFBD032CE}.Release|Any CPU.ActiveCfg = Release|Any CPU
		{9684DB1D-9FA1-44F2-9C72-7C1BFBD032CE}.Release|Any CPU.Build.0 = Release|Any CPU
	EndGlobalSection
	GlobalSection(SolutionProperties) = preSolution
		HideSolutionNode = FALSE
	EndGlobalSection
	GlobalSection(ExtensibilityGlobals) = postSolution
		SolutionGuid = {CC0F7771-E30E-41F9-A8C6-224CE52D1165}
	EndGlobalSection
EndGlobal
