
Microsoft Visual Studio Solution File, Format Version 12.00
# Visual Studio Version 16
VisualStudioVersion = 16.0.30114.105
MinimumVisualStudioVersion = 10.0.40219.1
Project("{9A19103F-16F7-4668-BE54-9A1E7A4F7556}") = "ExtractPcGhg", "ExtractPcGhg.csproj", "{BBC8F37C-B4D8-45F2-9174-2EB24CD7A81B}"
EndProject
Global
	GlobalSection(SolutionConfigurationPlatforms) = preSolution
		Debug|Any CPU = Debug|Any CPU
		Release|Any CPU = Release|Any CPU
	EndGlobalSection
	GlobalSection(ProjectConfigurationPlatforms) = postSolution
		{BBC8F37C-B4D8-45F2-9174-2EB24CD7A81B}.Debug|Any CPU.ActiveCfg = Debug|Any CPU
		{BBC8F37C-B4D8-45F2-9174-2EB24CD7A81B}.Debug|Any CPU.Build.0 = Debug|Any CPU
		{BBC8F37C-B4D8-45F2-9174-2EB24CD7A81B}.Release|Any CPU.ActiveCfg = Release|Any CPU
		{BBC8F37C-B4D8-45F2-9174-2EB24CD7A81B}.Release|Any CPU.Build.0 = Release|Any CPU
	EndGlobalSection
	GlobalSection(SolutionProperties) = preSolution
		HideSolutionNode = FALSE
	EndGlobalSection
	GlobalSection(ExtensibilityGlobals) = postSolution
		SolutionGuid = {DD7F9B4E-9EFA-4318-A1C9-13381711C5AF}
	EndGlobalSection
EndGlobal
