
Microsoft Visual Studio Solution File, Format Version 12.00
# Visual Studio Version 16
VisualStudioVersion = 16.0.30114.105
MinimumVisualStudioVersion = 10.0.40219.1
Project("{9A19103F-16F7-4668-BE54-9A1E7A4F7556}") = "ExtractNxgMESH", "ExtractNxgMESH.csproj", "{7B8DCFA9-FEF7-43F4-A708-55290A3ADAAA}"
EndProject
Global
	GlobalSection(SolutionConfigurationPlatforms) = preSolution
		Debug|Any CPU = Debug|Any CPU
		Release|Any CPU = Release|Any CPU
	EndGlobalSection
	GlobalSection(ProjectConfigurationPlatforms) = postSolution
		{7B8DCFA9-FEF7-43F4-A708-55290A3ADAAA}.Debug|Any CPU.ActiveCfg = Debug|Any CPU
		{7B8DCFA9-FEF7-43F4-A708-55290A3ADAAA}.Debug|Any CPU.Build.0 = Debug|Any CPU
		{7B8DCFA9-FEF7-43F4-A708-55290A3ADAAA}.Release|Any CPU.ActiveCfg = Release|Any CPU
		{7B8DCFA9-FEF7-43F4-A708-55290A3ADAAA}.Release|Any CPU.Build.0 = Release|Any CPU
	EndGlobalSection
	GlobalSection(SolutionProperties) = preSolution
		HideSolutionNode = FALSE
	EndGlobalSection
	GlobalSection(ExtensibilityGlobals) = postSolution
		SolutionGuid = {2A7493C8-B722-46DF-9174-110FE0AEA4F2}
	EndGlobalSection
EndGlobal
